
Microsoft Visual Studio Solution File, Format Version 12.00
# Visual Studio Version 17
VisualStudioVersion = 17.2.32526.322
MinimumVisualStudioVersion = 10.0.40219.1
Project("{FAE04EC0-301F-11D3-BF4B-00C04F79EFBC}") = "CotacaoMoeda.Servico", "CotacaoMoeda.Servico\CotacaoMoeda.Servico.csproj", "{5B511A16-D992-4E53-A41C-C6D53144470E}"
EndProject
Project("{FAE04EC0-301F-11D3-BF4B-00C04F79EFBC}") = "CotacaoMoeda.API", "CotacaoMoeda.API\CotacaoMoeda.API.csproj", "{1364D925-799D-4608-A3D8-E8D9C49479DD}"
EndProject
Project("{FAE04EC0-301F-11D3-BF4B-00C04F79EFBC}") = "CotacaoMoeda.Infra", "CotacaoMoeda.Infra\CotacaoMoeda.Infra.csproj", "{6EF03E92-7301-4C1A-957A-CDF921B3EFBE}"
EndProject
Project("{FAE04EC0-301F-11D3-BF4B-00C04F79EFBC}") = "CotacaoMoeda.Negocio", "CotacaoMoeda.Negocio\CotacaoMoeda.Negocio.csproj", "{C1D1F481-257F-4010-B334-BE09042CC618}"
EndProject
Project("{FAE04EC0-301F-11D3-BF4B-00C04F79EFBC}") = "CotacaoMoeda.Modelo", "CotacaoMoeda.Modelo\CotacaoMoeda.Modelo.csproj", "{97269379-3367-4668-98C5-7F09BD744970}"
EndProject
Global
	GlobalSection(SolutionConfigurationPlatforms) = preSolution
		Debug|Any CPU = Debug|Any CPU
		Release|Any CPU = Release|Any CPU
	EndGlobalSection
	GlobalSection(ProjectConfigurationPlatforms) = postSolution
		{5B511A16-D992-4E53-A41C-C6D53144470E}.Debug|Any CPU.ActiveCfg = Debug|Any CPU
		{5B511A16-D992-4E53-A41C-C6D53144470E}.Debug|Any CPU.Build.0 = Debug|Any CPU
		{5B511A16-D992-4E53-A41C-C6D53144470E}.Release|Any CPU.ActiveCfg = Release|Any CPU
		{5B511A16-D992-4E53-A41C-C6D53144470E}.Release|Any CPU.Build.0 = Release|Any CPU
		{1364D925-799D-4608-A3D8-E8D9C49479DD}.Debug|Any CPU.ActiveCfg = Debug|Any CPU
		{1364D925-799D-4608-A3D8-E8D9C49479DD}.Debug|Any CPU.Build.0 = Debug|Any CPU
		{1364D925-799D-4608-A3D8-E8D9C49479DD}.Release|Any CPU.ActiveCfg = Release|Any CPU
		{1364D925-799D-4608-A3D8-E8D9C49479DD}.Release|Any CPU.Build.0 = Release|Any CPU
		{6EF03E92-7301-4C1A-957A-CDF921B3EFBE}.Debug|Any CPU.ActiveCfg = Debug|Any CPU
		{6EF03E92-7301-4C1A-957A-CDF921B3EFBE}.Debug|Any CPU.Build.0 = Debug|Any CPU
		{6EF03E92-7301-4C1A-957A-CDF921B3EFBE}.Release|Any CPU.ActiveCfg = Release|Any CPU
		{6EF03E92-7301-4C1A-957A-CDF921B3EFBE}.Release|Any CPU.Build.0 = Release|Any CPU
		{C1D1F481-257F-4010-B334-BE09042CC618}.Debug|Any CPU.ActiveCfg = Debug|Any CPU
		{C1D1F481-257F-4010-B334-BE09042CC618}.Debug|Any CPU.Build.0 = Debug|Any CPU
		{C1D1F481-257F-4010-B334-BE09042CC618}.Release|Any CPU.ActiveCfg = Release|Any CPU
		{C1D1F481-257F-4010-B334-BE09042CC618}.Release|Any CPU.Build.0 = Release|Any CPU
		{97269379-3367-4668-98C5-7F09BD744970}.Debug|Any CPU.ActiveCfg = Debug|Any CPU
		{97269379-3367-4668-98C5-7F09BD744970}.Debug|Any CPU.Build.0 = Debug|Any CPU
		{97269379-3367-4668-98C5-7F09BD744970}.Release|Any CPU.ActiveCfg = Release|Any CPU
		{97269379-3367-4668-98C5-7F09BD744970}.Release|Any CPU.Build.0 = Release|Any CPU
	EndGlobalSection
	GlobalSection(SolutionProperties) = preSolution
		HideSolutionNode = FALSE
	EndGlobalSection
	GlobalSection(ExtensibilityGlobals) = postSolution
		SolutionGuid = {68CC8827-9262-4067-99DF-97FF9C8AE3BA}
	EndGlobalSection
EndGlobal
